github.com/creachadair/mds v0.26.0 h1:MExm7XA3xrKa+r8ZS10Nb9SzWfm5GbG3xGp6P+ci9bo=
github.com/creachadair/mds v0.26.0/go.mod h1:XtMfRW15sjd1iOi1Z1k+dq0pRsR5xPbulpoTrpyhk8w=
github.com/google/go-cmp v0.7.0 h1:wk8382ETsv4JYUZwIsn6YpYiWiBsYLSJiTsyBybVuN8=
github.com/google/go-cmp v0.7.0/go.mod h1:pXiqmnSA92OHEEa9HXL2W4E7lf9JzCmGVUdgjX3N/iU=
