github.com/creachadair/mds v0.15.5 h1:dhCbq/OzF4LiVkmmfy6Wm47w60CBF9iLU1J26ruCaE4=
github.com/creachadair/mds v0.15.5/go.mod h1:4vrFYUzTXMJpMBU+OA292I6IUxKWCCfZkgXg+/kBZMo=
github.com/google/go-cmp v0.6.0 h1:ofyhxvXcZhMsU5ulbFiLKl/XBFqE1GSq7atu8tAmTRI=
github.com/google/go-cmp v0.6.0/go.mod h1:17dUlkBOakJ0+DkrSSNjCkIjxS6bF9zb3elmeNGIjoY=
